# This file is automatically @generated by Cargo.
# It is not intended for manual editing.
[[package]]
name = "aa_one"
version = "0.1.0"

[[package]]
name = "ab_two"
version = "0.1.0"

[[package]]
name = "ac_three"
version = "0.1.0"
dependencies = [
 "zzz_print_problem_header 0.1.0",
]

[[package]]
name = "ad_four"
version = "0.1.0"
dependencies = [
 "zzz_print_problem_header 0.1.0",
]

[[package]]
name = "zzz_print_problem_header"
version = "0.1.0"

